
Microsoft Visual Studio Solution File, Format Version 12.00
# Visual Studio Version 17
VisualStudioVersion = 17.8.34330.188
MinimumVisualStudioVersion = 10.0.40219.1
Project("{9A19103F-16F7-4668-BE54-9A1E7A4F7556}") = "OriBFArchipelago", "OriBFArchipelago.csproj", "{9F5E1AC9-3A10-4DE3-A954-0EF1372A550F}"
EndProject
Global
	GlobalSection(SolutionConfigurationPlatforms) = preSolution
		Debug|Any CPU = Debug|Any CPU
		Release|Any CPU = Release|Any CPU
	EndGlobalSection
	GlobalSection(ProjectConfigurationPlatforms) = postSolution
		{9F5E1AC9-3A10-4DE3-A954-0EF1372A550F}.Debug|Any CPU.ActiveCfg = Debug|Any CPU
		{9F5E1AC9-3A10-4DE3-A954-0EF1372A550F}.Debug|Any CPU.Build.0 = Debug|Any CPU
		{9F5E1AC9-3A10-4DE3-A954-0EF1372A550F}.Release|Any CPU.ActiveCfg = Release|Any CPU
		{9F5E1AC9-3A10-4DE3-A954-0EF1372A550F}.Release|Any CPU.Build.0 = Release|Any CPU
	EndGlobalSection
	GlobalSection(SolutionProperties) = preSolution
		HideSolutionNode = FALSE
	EndGlobalSection
	GlobalSection(ExtensibilityGlobals) = postSolution
		SolutionGuid = {6970CCE9-8B16-42D1-AA24-D1EBB4FB867C}
	EndGlobalSection
EndGlobal
